
Microsoft Visual Studio Solution File, Format Version 12.00
# Visual Studio 15
VisualStudioVersion = 15.0.28307.271
MinimumVisualStudioVersion = 10.0.40219.1
Project("{FAE04EC0-301F-11D3-BF4B-00C04F79EFBC}") = "BuscaCEP", "BuscaCEP\BuscaCEP.csproj", "{ADB3568D-35E6-422D-8771-4268A07BBF62}"
EndProject
Global
	GlobalSection(SolutionConfigurationPlatforms) = preSolution
		Debug|Any CPU = Debug|Any CPU
		Release|Any CPU = Release|Any CPU
	EndGlobalSection
	GlobalSection(ProjectConfigurationPlatforms) = postSolution
		{ADB3568D-35E6-422D-8771-4268A07BBF62}.Debug|Any CPU.ActiveCfg = Debug|Any CPU
		{ADB3568D-35E6-422D-8771-4268A07BBF62}.Debug|Any CPU.Build.0 = Debug|Any CPU
		{ADB3568D-35E6-422D-8771-4268A07BBF62}.Release|Any CPU.ActiveCfg = Release|Any CPU
		{ADB3568D-35E6-422D-8771-4268A07BBF62}.Release|Any CPU.Build.0 = Release|Any CPU
	EndGlobalSection
	GlobalSection(SolutionProperties) = preSolution
		HideSolutionNode = FALSE
	EndGlobalSection
	GlobalSection(ExtensibilityGlobals) = postSolution
		SolutionGuid = {9F3EDF35-61CE-4497-BE65-D378E548F4B0}
	EndGlobalSection
EndGlobal
